
Microsoft Visual Studio Solution File, Format Version 12.00
# Visual Studio Version 16
VisualStudioVersion = 16.0.33529.622
MinimumVisualStudioVersion = 10.0.40219.1
Project("{FAE04EC0-301F-11D3-BF4B-00C04F79EFBC}") = "PoslovnaLogika", "PoslovnaLogika\PoslovnaLogika.csproj", "{CD473DC7-9A92-4075-A6F6-230DF28FF76C}"
EndProject
Global
	GlobalSection(SolutionConfigurationPlatforms) = preSolution
		Debug|Any CPU = Debug|Any CPU
		Release|Any CPU = Release|Any CPU
	EndGlobalSection
	GlobalSection(ProjectConfigurationPlatforms) = postSolution
		{CD473DC7-9A92-4075-A6F6-230DF28FF76C}.Debug|Any CPU.ActiveCfg = Debug|Any CPU
		{CD473DC7-9A92-4075-A6F6-230DF28FF76C}.Debug|Any CPU.Build.0 = Debug|Any CPU
		{CD473DC7-9A92-4075-A6F6-230DF28FF76C}.Release|Any CPU.ActiveCfg = Release|Any CPU
		{CD473DC7-9A92-4075-A6F6-230DF28FF76C}.Release|Any CPU.Build.0 = Release|Any CPU
	EndGlobalSection
	GlobalSection(SolutionProperties) = preSolution
		HideSolutionNode = FALSE
	EndGlobalSection
	GlobalSection(ExtensibilityGlobals) = postSolution
		SolutionGuid = {C12F4E46-73C6-42CE-8E80-9EB40DE0C6E9}
	EndGlobalSection
EndGlobal
